
Microsoft Visual Studio Solution File, Format Version 12.00
# Visual Studio 2013
VisualStudioVersion = 12.0.40629.0
MinimumVisualStudioVersion = 10.0.40219.1
Project("{2150E333-8FDC-42A3-9474-1A3956D46DE8}") = "Lab", "Lab", "{B51376A5-F2D2-43DE-99B8-9D78D5265317}"
EndProject
Project("{2150E333-8FDC-42A3-9474-1A3956D46DE8}") = "Homework", "Homework", "{E68CE9C9-E7E0-47C4-B28D-566F936EE384}"
EndProject
Project("{2150E333-8FDC-42A3-9474-1A3956D46DE8}") = "Tests", "Tests", "{C17B133D-78AA-4BA2-B785-5E479A40810C}"
EndProject
Project("{FAE04EC0-301F-11D3-BF4B-00C04F79EFBC}") = "00-Topological-Sorting.Tests", "00-Topological-Sorting.Tests\00-Topological-Sorting.Tests.csproj", "{0D2A53DF-777D-4A9F-A86D-1CF8610F9C39}"
EndProject
Project("{FAE04EC0-301F-11D3-BF4B-00C04F79EFBC}") = "00-DFS-Graph-Traversal.Tests", "00-DFS-Graph-Traversal.Tests\00-DFS-Graph-Traversal.Tests.csproj", "{7B2961BD-EBA1-4578-B3A5-446B08225683}"
EndProject
Project("{FAE04EC0-301F-11D3-BF4B-00C04F79EFBC}") = "00-DFS-Graph-Traversal", "00-DFS-Graph-Traversal\00-DFS-Graph-Traversal.csproj", "{2CB50F92-35AF-47E5-BA6F-02446AACD536}"
EndProject
Project("{FAE04EC0-301F-11D3-BF4B-00C04F79EFBC}") = "00-Topological-Sorting", "00-Topological-Sorting\00-Topological-Sorting.csproj", "{13600D00-9867-44C5-AEFE-76BBEA609AD4}"
EndProject
Project("{FAE04EC0-301F-11D3-BF4B-00C04F79EFBC}") = "01-DistanceBetweenVertices", "01-DistanceBetweenVertices\01-DistanceBetweenVertices.csproj", "{B8C5E2D4-931A-4A5A-B5DF-3B19E1C1B076}"
EndProject
Project("{FAE04EC0-301F-11D3-BF4B-00C04F79EFBC}") = "01-DistanceBetweenVertices.Tests", "01-DistanceBetweenVertices.Tests\01-DistanceBetweenVertices.Tests.csproj", "{7F2C405C-CFC3-4BA7-9663-81DF48289CF7}"
EndProject
Project("{FAE04EC0-301F-11D3-BF4B-00C04F79EFBC}") = "02-AreasInMatrix", "02-AreasInMatrix\02-AreasInMatrix.csproj", "{DF753BE1-1253-4706-B3EA-C5C326F389C4}"
EndProject
Project("{FAE04EC0-301F-11D3-BF4B-00C04F79EFBC}") = "03-CyclesInGraph", "03-CyclesInGraph\03-CyclesInGraph.csproj", "{619059A6-D046-49C9-83A1-26BDB74882F3}"
EndProject
Project("{FAE04EC0-301F-11D3-BF4B-00C04F79EFBC}") = "04-Salaries", "04-Salaries\04-Salaries.csproj", "{AA1235A7-A6CD-4DAD-ADB6-4DFFB8313E8E}"
EndProject
Project("{FAE04EC0-301F-11D3-BF4B-00C04F79EFBC}") = "05-BreakCycles", "05-BreakCycles\05-BreakCycles.csproj", "{0DEE36E4-306E-441A-88D5-98B0A17311D6}"
EndProject
Project("{FAE04EC0-301F-11D3-BF4B-00C04F79EFBC}") = "05-BreakCycles.Tests", "05-BreakCycles.Tests\05-BreakCycles.Tests.csproj", "{B60A9FFE-4E0B-4B77-B145-A5C6BB88FD0A}"
EndProject
Global
	GlobalSection(SolutionConfigurationPlatforms) = preSolution
		Debug|Any CPU = Debug|Any CPU
		Release|Any CPU = Release|Any CPU
	EndGlobalSection
	GlobalSection(ProjectConfigurationPlatforms) = postSolution
		{0D2A53DF-777D-4A9F-A86D-1CF8610F9C39}.Debug|Any CPU.ActiveCfg = Debug|Any CPU
		{0D2A53DF-777D-4A9F-A86D-1CF8610F9C39}.Debug|Any CPU.Build.0 = Debug|Any CPU
		{0D2A53DF-777D-4A9F-A86D-1CF8610F9C39}.Release|Any CPU.ActiveCfg = Release|Any CPU
		{0D2A53DF-777D-4A9F-A86D-1CF8610F9C39}.Release|Any CPU.Build.0 = Release|Any CPU
		{7B2961BD-EBA1-4578-B3A5-446B08225683}.Debug|Any CPU.ActiveCfg = Debug|Any CPU
		{7B2961BD-EBA1-4578-B3A5-446B08225683}.Debug|Any CPU.Build.0 = Debug|Any CPU
		{7B2961BD-EBA1-4578-B3A5-446B08225683}.Release|Any CPU.ActiveCfg = Release|Any CPU
		{7B2961BD-EBA1-4578-B3A5-446B08225683}.Release|Any CPU.Build.0 = Release|Any CPU
		{2CB50F92-35AF-47E5-BA6F-02446AACD536}.Debug|Any CPU.ActiveCfg = Debug|Any CPU
		{2CB50F92-35AF-47E5-BA6F-02446AACD536}.Debug|Any CPU.Build.0 = Debug|Any CPU
		{2CB50F92-35AF-47E5-BA6F-02446AACD536}.Release|Any CPU.ActiveCfg = Release|Any CPU
		{2CB50F92-35AF-47E5-BA6F-02446AACD536}.Release|Any CPU.Build.0 = Release|Any CPU
		{13600D00-9867-44C5-AEFE-76BBEA609AD4}.Debug|Any CPU.ActiveCfg = Debug|Any CPU
		{13600D00-9867-44C5-AEFE-76BBEA609AD4}.Debug|Any CPU.Build.0 = Debug|Any CPU
		{13600D00-9867-44C5-AEFE-76BBEA609AD4}.Release|Any CPU.ActiveCfg = Release|Any CPU
		{13600D00-9867-44C5-AEFE-76BBEA609AD4}.Release|Any CPU.Build.0 = Release|Any CPU
		{B8C5E2D4-931A-4A5A-B5DF-3B19E1C1B076}.Debug|Any CPU.ActiveCfg = Debug|Any CPU
		{B8C5E2D4-931A-4A5A-B5DF-3B19E1C1B076}.Debug|Any CPU.Build.0 = Debug|Any CPU
		{B8C5E2D4-931A-4A5A-B5DF-3B19E1C1B076}.Release|Any CPU.ActiveCfg = Release|Any CPU
		{B8C5E2D4-931A-4A5A-B5DF-3B19E1C1B076}.Release|Any CPU.Build.0 = Release|Any CPU
		{7F2C405C-CFC3-4BA7-9663-81DF48289CF7}.Debug|Any CPU.ActiveCfg = Debug|Any CPU
		{7F2C405C-CFC3-4BA7-9663-81DF48289CF7}.Debug|Any CPU.Build.0 = Debug|Any CPU
		{7F2C405C-CFC3-4BA7-9663-81DF48289CF7}.Release|Any CPU.ActiveCfg = Release|Any CPU
		{7F2C405C-CFC3-4BA7-9663-81DF48289CF7}.Release|Any CPU.Build.0 = Release|Any CPU
		{DF753BE1-1253-4706-B3EA-C5C326F389C4}.Debug|Any CPU.ActiveCfg = Debug|Any CPU
		{DF753BE1-1253-4706-B3EA-C5C326F389C4}.Debug|Any CPU.Build.0 = Debug|Any CPU
		{DF753BE1-1253-4706-B3EA-C5C326F389C4}.Release|Any CPU.ActiveCfg = Release|Any CPU
		{DF753BE1-1253-4706-B3EA-C5C326F389C4}.Release|Any CPU.Build.0 = Release|Any CPU
		{619059A6-D046-49C9-83A1-26BDB74882F3}.Debug|Any CPU.ActiveCfg = Debug|Any CPU
		{619059A6-D046-49C9-83A1-26BDB74882F3}.Debug|Any CPU.Build.0 = Debug|Any CPU
		{619059A6-D046-49C9-83A1-26BDB74882F3}.Release|Any CPU.ActiveCfg = Release|Any CPU
		{619059A6-D046-49C9-83A1-26BDB74882F3}.Release|Any CPU.Build.0 = Release|Any CPU
		{AA1235A7-A6CD-4DAD-ADB6-4DFFB8313E8E}.Debug|Any CPU.ActiveCfg = Debug|Any CPU
		{AA1235A7-A6CD-4DAD-ADB6-4DFFB8313E8E}.Debug|Any CPU.Build.0 = Debug|Any CPU
		{AA1235A7-A6CD-4DAD-ADB6-4DFFB8313E8E}.Release|Any CPU.ActiveCfg = Release|Any CPU
		{AA1235A7-A6CD-4DAD-ADB6-4DFFB8313E8E}.Release|Any CPU.Build.0 = Release|Any CPU
		{0DEE36E4-306E-441A-88D5-98B0A17311D6}.Debug|Any CPU.ActiveCfg = Debug|Any CPU
		{0DEE36E4-306E-441A-88D5-98B0A17311D6}.Debug|Any CPU.Build.0 = Debug|Any CPU
		{0DEE36E4-306E-441A-88D5-98B0A17311D6}.Release|Any CPU.ActiveCfg = Release|Any CPU
		{0DEE36E4-306E-441A-88D5-98B0A17311D6}.Release|Any CPU.Build.0 = Release|Any CPU
		{B60A9FFE-4E0B-4B77-B145-A5C6BB88FD0A}.Debug|Any CPU.ActiveCfg = Debug|Any CPU
		{B60A9FFE-4E0B-4B77-B145-A5C6BB88FD0A}.Debug|Any CPU.Build.0 = Debug|Any CPU
		{B60A9FFE-4E0B-4B77-B145-A5C6BB88FD0A}.Release|Any CPU.ActiveCfg = Release|Any CPU
		{B60A9FFE-4E0B-4B77-B145-A5C6BB88FD0A}.Release|Any CPU.Build.0 = Release|Any CPU
	EndGlobalSection
	GlobalSection(SolutionProperties) = preSolution
		HideSolutionNode = FALSE
	EndGlobalSection
	GlobalSection(NestedProjects) = preSolution
		{0D2A53DF-777D-4A9F-A86D-1CF8610F9C39} = {C17B133D-78AA-4BA2-B785-5E479A40810C}
		{7B2961BD-EBA1-4578-B3A5-446B08225683} = {C17B133D-78AA-4BA2-B785-5E479A40810C}
		{2CB50F92-35AF-47E5-BA6F-02446AACD536} = {B51376A5-F2D2-43DE-99B8-9D78D5265317}
		{13600D00-9867-44C5-AEFE-76BBEA609AD4} = {B51376A5-F2D2-43DE-99B8-9D78D5265317}
		{B8C5E2D4-931A-4A5A-B5DF-3B19E1C1B076} = {E68CE9C9-E7E0-47C4-B28D-566F936EE384}
		{7F2C405C-CFC3-4BA7-9663-81DF48289CF7} = {C17B133D-78AA-4BA2-B785-5E479A40810C}
		{DF753BE1-1253-4706-B3EA-C5C326F389C4} = {E68CE9C9-E7E0-47C4-B28D-566F936EE384}
		{619059A6-D046-49C9-83A1-26BDB74882F3} = {E68CE9C9-E7E0-47C4-B28D-566F936EE384}
		{AA1235A7-A6CD-4DAD-ADB6-4DFFB8313E8E} = {E68CE9C9-E7E0-47C4-B28D-566F936EE384}
		{0DEE36E4-306E-441A-88D5-98B0A17311D6} = {E68CE9C9-E7E0-47C4-B28D-566F936EE384}
		{B60A9FFE-4E0B-4B77-B145-A5C6BB88FD0A} = {C17B133D-78AA-4BA2-B785-5E479A40810C}
	EndGlobalSection
EndGlobal
