
Microsoft Visual Studio Solution File, Format Version 12.00
# Visual Studio 2013
VisualStudioVersion = 12.0.40629.0
MinimumVisualStudioVersion = 10.0.40219.1
Project("{2150E333-8FDC-42A3-9474-1A3956D46DE8}") = "Homework", "Homework", "{24675C28-2FC3-4505-95F5-8A69808E0DAF}"
EndProject
Project("{FAE04EC0-301F-11D3-BF4B-00C04F79EFBC}") = "04-BestLecturesSchedule", "04-BestLecturesSchedule\04-BestLecturesSchedule.csproj", "{81BCFDE6-F93E-47DD-BBF5-9674D63C1CFA}"
EndProject
Project("{FAE04EC0-301F-11D3-BF4B-00C04F79EFBC}") = "05-EgyptianFractions", "05-EgyptianFractions\05-EgyptianFractions.csproj", "{C0581F52-9E87-4F8E-821E-B550959B8B66}"
EndProject
Project("{FAE04EC0-301F-11D3-BF4B-00C04F79EFBC}") = "03-KnightsTour", "03-KnightsTour\03-KnightsTour.csproj", "{A63E81D4-EB8F-4036-9117-C95AD736AC0C}"
EndProject
Project("{FAE04EC0-301F-11D3-BF4B-00C04F79EFBC}") = "01-FractionalKnapsackProblem", "01-FractionalKnapsackProblem\01-FractionalKnapsackProblem.csproj", "{ECFEBC74-79EF-4480-87E5-3CCE6C966856}"
EndProject
Project("{FAE04EC0-301F-11D3-BF4B-00C04F79EFBC}") = "02-ProcessorScheduling", "02-ProcessorScheduling\02-ProcessorScheduling.csproj", "{2455D17C-EF3F-4EC5-BF9B-0172620EECE2}"
EndProject
Project("{2150E333-8FDC-42A3-9474-1A3956D46DE8}") = "Lab", "Lab", "{5A1FC4DC-24A2-4F04-A836-694DFBB37B31}"
EndProject
Project("{2150E333-8FDC-42A3-9474-1A3956D46DE8}") = "Tests", "Tests", "{415529D6-2F4D-45AF-90A4-674BBBE896B4}"
EndProject
Project("{FAE04EC0-301F-11D3-BF4B-00C04F79EFBC}") = "00-SumOfCoins", "00-SumOfCoins\00-SumOfCoins.csproj", "{FD8A6254-4CA0-4516-A475-9E1C219ED3DA}"
EndProject
Project("{FAE04EC0-301F-11D3-BF4B-00C04F79EFBC}") = "00-SumOfCoins.Tests", "00-SumOfCoins.Tests\00-SumOfCoins.Tests.csproj", "{2B4F61F8-7D89-48E1-8A39-9A8746D2BC16}"
EndProject
Project("{FAE04EC0-301F-11D3-BF4B-00C04F79EFBC}") = "00-SetCover", "00-SetCover\00-SetCover.csproj", "{909541FC-F819-4F7F-9D70-2CB2B3D4604A}"
EndProject
Project("{FAE04EC0-301F-11D3-BF4B-00C04F79EFBC}") = "00-SetCover.Tests", "00-SetCover.Tests\00-SetCover.Tests.csproj", "{3EA179B2-02B4-413C-9020-CEE0545A692B}"
EndProject
Project("{FAE04EC0-301F-11D3-BF4B-00C04F79EFBC}") = "03-KnightsTourWithBacktracking", "03-KnightsTourWithBacktracking\03-KnightsTourWithBacktracking.csproj", "{00818660-1CFC-4B8C-A43F-F1F5B9FF6B0C}"
EndProject
Global
	GlobalSection(SolutionConfigurationPlatforms) = preSolution
		Debug|Any CPU = Debug|Any CPU
		Release|Any CPU = Release|Any CPU
	EndGlobalSection
	GlobalSection(ProjectConfigurationPlatforms) = postSolution
		{81BCFDE6-F93E-47DD-BBF5-9674D63C1CFA}.Debug|Any CPU.ActiveCfg = Debug|Any CPU
		{81BCFDE6-F93E-47DD-BBF5-9674D63C1CFA}.Debug|Any CPU.Build.0 = Debug|Any CPU
		{81BCFDE6-F93E-47DD-BBF5-9674D63C1CFA}.Release|Any CPU.ActiveCfg = Release|Any CPU
		{81BCFDE6-F93E-47DD-BBF5-9674D63C1CFA}.Release|Any CPU.Build.0 = Release|Any CPU
		{C0581F52-9E87-4F8E-821E-B550959B8B66}.Debug|Any CPU.ActiveCfg = Debug|Any CPU
		{C0581F52-9E87-4F8E-821E-B550959B8B66}.Debug|Any CPU.Build.0 = Debug|Any CPU
		{C0581F52-9E87-4F8E-821E-B550959B8B66}.Release|Any CPU.ActiveCfg = Release|Any CPU
		{C0581F52-9E87-4F8E-821E-B550959B8B66}.Release|Any CPU.Build.0 = Release|Any CPU
		{A63E81D4-EB8F-4036-9117-C95AD736AC0C}.Debug|Any CPU.ActiveCfg = Debug|Any CPU
		{A63E81D4-EB8F-4036-9117-C95AD736AC0C}.Debug|Any CPU.Build.0 = Debug|Any CPU
		{A63E81D4-EB8F-4036-9117-C95AD736AC0C}.Release|Any CPU.ActiveCfg = Release|Any CPU
		{A63E81D4-EB8F-4036-9117-C95AD736AC0C}.Release|Any CPU.Build.0 = Release|Any CPU
		{ECFEBC74-79EF-4480-87E5-3CCE6C966856}.Debug|Any CPU.ActiveCfg = Debug|Any CPU
		{ECFEBC74-79EF-4480-87E5-3CCE6C966856}.Debug|Any CPU.Build.0 = Debug|Any CPU
		{ECFEBC74-79EF-4480-87E5-3CCE6C966856}.Release|Any CPU.ActiveCfg = Release|Any CPU
		{ECFEBC74-79EF-4480-87E5-3CCE6C966856}.Release|Any CPU.Build.0 = Release|Any CPU
		{2455D17C-EF3F-4EC5-BF9B-0172620EECE2}.Debug|Any CPU.ActiveCfg = Debug|Any CPU
		{2455D17C-EF3F-4EC5-BF9B-0172620EECE2}.Debug|Any CPU.Build.0 = Debug|Any CPU
		{2455D17C-EF3F-4EC5-BF9B-0172620EECE2}.Release|Any CPU.ActiveCfg = Release|Any CPU
		{2455D17C-EF3F-4EC5-BF9B-0172620EECE2}.Release|Any CPU.Build.0 = Release|Any CPU
		{FD8A6254-4CA0-4516-A475-9E1C219ED3DA}.Debug|Any CPU.ActiveCfg = Debug|Any CPU
		{FD8A6254-4CA0-4516-A475-9E1C219ED3DA}.Debug|Any CPU.Build.0 = Debug|Any CPU
		{FD8A6254-4CA0-4516-A475-9E1C219ED3DA}.Release|Any CPU.ActiveCfg = Release|Any CPU
		{FD8A6254-4CA0-4516-A475-9E1C219ED3DA}.Release|Any CPU.Build.0 = Release|Any CPU
		{2B4F61F8-7D89-48E1-8A39-9A8746D2BC16}.Debug|Any CPU.ActiveCfg = Debug|Any CPU
		{2B4F61F8-7D89-48E1-8A39-9A8746D2BC16}.Debug|Any CPU.Build.0 = Debug|Any CPU
		{2B4F61F8-7D89-48E1-8A39-9A8746D2BC16}.Release|Any CPU.ActiveCfg = Release|Any CPU
		{2B4F61F8-7D89-48E1-8A39-9A8746D2BC16}.Release|Any CPU.Build.0 = Release|Any CPU
		{909541FC-F819-4F7F-9D70-2CB2B3D4604A}.Debug|Any CPU.ActiveCfg = Debug|Any CPU
		{909541FC-F819-4F7F-9D70-2CB2B3D4604A}.Debug|Any CPU.Build.0 = Debug|Any CPU
		{909541FC-F819-4F7F-9D70-2CB2B3D4604A}.Release|Any CPU.ActiveCfg = Release|Any CPU
		{909541FC-F819-4F7F-9D70-2CB2B3D4604A}.Release|Any CPU.Build.0 = Release|Any CPU
		{3EA179B2-02B4-413C-9020-CEE0545A692B}.Debug|Any CPU.ActiveCfg = Debug|Any CPU
		{3EA179B2-02B4-413C-9020-CEE0545A692B}.Debug|Any CPU.Build.0 = Debug|Any CPU
		{3EA179B2-02B4-413C-9020-CEE0545A692B}.Release|Any CPU.ActiveCfg = Release|Any CPU
		{3EA179B2-02B4-413C-9020-CEE0545A692B}.Release|Any CPU.Build.0 = Release|Any CPU
		{00818660-1CFC-4B8C-A43F-F1F5B9FF6B0C}.Debug|Any CPU.ActiveCfg = Debug|Any CPU
		{00818660-1CFC-4B8C-A43F-F1F5B9FF6B0C}.Debug|Any CPU.Build.0 = Debug|Any CPU
		{00818660-1CFC-4B8C-A43F-F1F5B9FF6B0C}.Release|Any CPU.ActiveCfg = Release|Any CPU
		{00818660-1CFC-4B8C-A43F-F1F5B9FF6B0C}.Release|Any CPU.Build.0 = Release|Any CPU
	EndGlobalSection
	GlobalSection(SolutionProperties) = preSolution
		HideSolutionNode = FALSE
	EndGlobalSection
	GlobalSection(NestedProjects) = preSolution
		{81BCFDE6-F93E-47DD-BBF5-9674D63C1CFA} = {24675C28-2FC3-4505-95F5-8A69808E0DAF}
		{C0581F52-9E87-4F8E-821E-B550959B8B66} = {24675C28-2FC3-4505-95F5-8A69808E0DAF}
		{A63E81D4-EB8F-4036-9117-C95AD736AC0C} = {24675C28-2FC3-4505-95F5-8A69808E0DAF}
		{ECFEBC74-79EF-4480-87E5-3CCE6C966856} = {24675C28-2FC3-4505-95F5-8A69808E0DAF}
		{2455D17C-EF3F-4EC5-BF9B-0172620EECE2} = {24675C28-2FC3-4505-95F5-8A69808E0DAF}
		{FD8A6254-4CA0-4516-A475-9E1C219ED3DA} = {5A1FC4DC-24A2-4F04-A836-694DFBB37B31}
		{2B4F61F8-7D89-48E1-8A39-9A8746D2BC16} = {415529D6-2F4D-45AF-90A4-674BBBE896B4}
		{909541FC-F819-4F7F-9D70-2CB2B3D4604A} = {5A1FC4DC-24A2-4F04-A836-694DFBB37B31}
		{3EA179B2-02B4-413C-9020-CEE0545A692B} = {415529D6-2F4D-45AF-90A4-674BBBE896B4}
		{00818660-1CFC-4B8C-A43F-F1F5B9FF6B0C} = {24675C28-2FC3-4505-95F5-8A69808E0DAF}
	EndGlobalSection
EndGlobal
