
Microsoft Visual Studio Solution File, Format Version 12.00
# Visual Studio 2013
VisualStudioVersion = 12.0.40629.0
MinimumVisualStudioVersion = 10.0.40219.1
Project("{2150E333-8FDC-42A3-9474-1A3956D46DE8}") = "Tests", "Tests", "{F3DBEC78-5715-4FD6-ABF1-FE0FF8210C4C}"
EndProject
Project("{2150E333-8FDC-42A3-9474-1A3956D46DE8}") = "Homework", "Homework", "{D7619B3B-DF85-4B85-9FC9-F3422D96BCDB}"
EndProject
Project("{2150E333-8FDC-42A3-9474-1A3956D46DE8}") = "Lab", "Lab", "{F22BA6DF-8F2A-40C2-9A65-FF314DE84CAA}"
EndProject
Project("{FAE04EC0-301F-11D3-BF4B-00C04F79EFBC}") = "00-Kurskal", "00-Kurskal\00-Kurskal.csproj", "{22106E58-7227-41EA-A4C9-69C3F38E7DE5}"
EndProject
Project("{FAE04EC0-301F-11D3-BF4B-00C04F79EFBC}") = "00-Kruskal.Tests", "00-Kruskal.Tests\00-Kruskal.Tests.csproj", "{715EF5B4-2AE4-4409-8AA6-73EF1B8D5C7A}"
EndProject
Project("{FAE04EC0-301F-11D3-BF4B-00C04F79EFBC}") = "00-Dijkstra", "00-Dijkstra\00-Dijkstra.csproj", "{1D4A72DE-702A-472A-BA48-AC1BCF4D7B8C}"
EndProject
Project("{FAE04EC0-301F-11D3-BF4B-00C04F79EFBC}") = "00-Dijkstra.Tests", "00-Dijkstra.Tests\00-Dijkstra.Tests.csproj", "{4BE096AD-C2A6-43AB-B12D-4803572D53D4}"
EndProject
Project("{FAE04EC0-301F-11D3-BF4B-00C04F79EFBC}") = "01-ExtendCableNetwork", "01-ExtendCableNetwork\01-ExtendCableNetwork.csproj", "{FF465C96-325F-46A7-91C6-C5303C1B0320}"
EndProject
Project("{FAE04EC0-301F-11D3-BF4B-00C04F79EFBC}") = "03-MostReliablePath", "03-MostReliablePath\03-MostReliablePath.csproj", "{F25D228F-2047-40F6-8C87-D333D26BE2A1}"
EndProject
Project("{FAE04EC0-301F-11D3-BF4B-00C04F79EFBC}") = "02-ModifiedKruskalAlgorithm", "02-ModifiedKruskalAlgorithm\02-ModifiedKruskalAlgorithm.csproj", "{5A0159EB-AE17-4F22-806E-711A8765917F}"
EndProject
Global
	GlobalSection(SolutionConfigurationPlatforms) = preSolution
		Debug|Any CPU = Debug|Any CPU
		Release|Any CPU = Release|Any CPU
	EndGlobalSection
	GlobalSection(ProjectConfigurationPlatforms) = postSolution
		{22106E58-7227-41EA-A4C9-69C3F38E7DE5}.Debug|Any CPU.ActiveCfg = Debug|Any CPU
		{22106E58-7227-41EA-A4C9-69C3F38E7DE5}.Debug|Any CPU.Build.0 = Debug|Any CPU
		{22106E58-7227-41EA-A4C9-69C3F38E7DE5}.Release|Any CPU.ActiveCfg = Release|Any CPU
		{22106E58-7227-41EA-A4C9-69C3F38E7DE5}.Release|Any CPU.Build.0 = Release|Any CPU
		{715EF5B4-2AE4-4409-8AA6-73EF1B8D5C7A}.Debug|Any CPU.ActiveCfg = Debug|Any CPU
		{715EF5B4-2AE4-4409-8AA6-73EF1B8D5C7A}.Debug|Any CPU.Build.0 = Debug|Any CPU
		{715EF5B4-2AE4-4409-8AA6-73EF1B8D5C7A}.Release|Any CPU.ActiveCfg = Release|Any CPU
		{715EF5B4-2AE4-4409-8AA6-73EF1B8D5C7A}.Release|Any CPU.Build.0 = Release|Any CPU
		{1D4A72DE-702A-472A-BA48-AC1BCF4D7B8C}.Debug|Any CPU.ActiveCfg = Debug|Any CPU
		{1D4A72DE-702A-472A-BA48-AC1BCF4D7B8C}.Debug|Any CPU.Build.0 = Debug|Any CPU
		{1D4A72DE-702A-472A-BA48-AC1BCF4D7B8C}.Release|Any CPU.ActiveCfg = Release|Any CPU
		{1D4A72DE-702A-472A-BA48-AC1BCF4D7B8C}.Release|Any CPU.Build.0 = Release|Any CPU
		{4BE096AD-C2A6-43AB-B12D-4803572D53D4}.Debug|Any CPU.ActiveCfg = Debug|Any CPU
		{4BE096AD-C2A6-43AB-B12D-4803572D53D4}.Debug|Any CPU.Build.0 = Debug|Any CPU
		{4BE096AD-C2A6-43AB-B12D-4803572D53D4}.Release|Any CPU.ActiveCfg = Release|Any CPU
		{4BE096AD-C2A6-43AB-B12D-4803572D53D4}.Release|Any CPU.Build.0 = Release|Any CPU
		{FF465C96-325F-46A7-91C6-C5303C1B0320}.Debug|Any CPU.ActiveCfg = Debug|Any CPU
		{FF465C96-325F-46A7-91C6-C5303C1B0320}.Debug|Any CPU.Build.0 = Debug|Any CPU
		{FF465C96-325F-46A7-91C6-C5303C1B0320}.Release|Any CPU.ActiveCfg = Release|Any CPU
		{FF465C96-325F-46A7-91C6-C5303C1B0320}.Release|Any CPU.Build.0 = Release|Any CPU
		{F25D228F-2047-40F6-8C87-D333D26BE2A1}.Debug|Any CPU.ActiveCfg = Debug|Any CPU
		{F25D228F-2047-40F6-8C87-D333D26BE2A1}.Debug|Any CPU.Build.0 = Debug|Any CPU
		{F25D228F-2047-40F6-8C87-D333D26BE2A1}.Release|Any CPU.ActiveCfg = Release|Any CPU
		{F25D228F-2047-40F6-8C87-D333D26BE2A1}.Release|Any CPU.Build.0 = Release|Any CPU
		{5A0159EB-AE17-4F22-806E-711A8765917F}.Debug|Any CPU.ActiveCfg = Debug|Any CPU
		{5A0159EB-AE17-4F22-806E-711A8765917F}.Debug|Any CPU.Build.0 = Debug|Any CPU
		{5A0159EB-AE17-4F22-806E-711A8765917F}.Release|Any CPU.ActiveCfg = Release|Any CPU
		{5A0159EB-AE17-4F22-806E-711A8765917F}.Release|Any CPU.Build.0 = Release|Any CPU
	EndGlobalSection
	GlobalSection(SolutionProperties) = preSolution
		HideSolutionNode = FALSE
	EndGlobalSection
	GlobalSection(NestedProjects) = preSolution
		{22106E58-7227-41EA-A4C9-69C3F38E7DE5} = {F22BA6DF-8F2A-40C2-9A65-FF314DE84CAA}
		{715EF5B4-2AE4-4409-8AA6-73EF1B8D5C7A} = {F3DBEC78-5715-4FD6-ABF1-FE0FF8210C4C}
		{1D4A72DE-702A-472A-BA48-AC1BCF4D7B8C} = {F22BA6DF-8F2A-40C2-9A65-FF314DE84CAA}
		{4BE096AD-C2A6-43AB-B12D-4803572D53D4} = {F3DBEC78-5715-4FD6-ABF1-FE0FF8210C4C}
		{FF465C96-325F-46A7-91C6-C5303C1B0320} = {D7619B3B-DF85-4B85-9FC9-F3422D96BCDB}
		{F25D228F-2047-40F6-8C87-D333D26BE2A1} = {D7619B3B-DF85-4B85-9FC9-F3422D96BCDB}
		{5A0159EB-AE17-4F22-806E-711A8765917F} = {D7619B3B-DF85-4B85-9FC9-F3422D96BCDB}
	EndGlobalSection
EndGlobal
