
Microsoft Visual Studio Solution File, Format Version 12.00
# Visual Studio 2013
VisualStudioVersion = 12.0.40629.0
MinimumVisualStudioVersion = 10.0.40219.1
Project("{FAE04EC0-301F-11D3-BF4B-00C04F79EFBC}") = "00-LongestIncreasingSubsequence", "00-LongestIncreasingSubsequence\00-LongestIncreasingSubsequence.csproj", "{EE0BD42B-6D77-4E34-892A-B80B43BB72CC}"
EndProject
Project("{FAE04EC0-301F-11D3-BF4B-00C04F79EFBC}") = "00-LongestIncreasingSubsequence.Tests", "00-LongestIncreasingSubsequence.Tests\00-LongestIncreasingSubsequence.Tests.csproj", "{33FF00FF-A339-4F3A-8A1B-B3F8CA6A3739}"
EndProject
Project("{FAE04EC0-301F-11D3-BF4B-00C04F79EFBC}") = "00-LongestCommonSubsequence.Tests", "00-LongestCommonSubsequence.Tests\00-LongestCommonSubsequence.Tests.csproj", "{C160A372-6DE1-48EB-9B70-11F7DA632F6B}"
EndProject
Project("{FAE04EC0-301F-11D3-BF4B-00C04F79EFBC}") = "00-LongestCommonSubsequence", "00-LongestCommonSubsequence\00-LongestCommonSubsequence.csproj", "{16C2F56E-4BE4-472D-B687-4B15C98FCC06}"
EndProject
Project("{FAE04EC0-301F-11D3-BF4B-00C04F79EFBC}") = "00-KnapsackProblem", "00-KnapsackProblem\00-KnapsackProblem.csproj", "{AEE2731C-70DE-40C4-B7F4-12DB1875D1FA}"
EndProject
Project("{FAE04EC0-301F-11D3-BF4B-00C04F79EFBC}") = "00-KnapsackProblem.Tests", "00-KnapsackProblem.Tests\00-KnapsackProblem.Tests.csproj", "{0AF05A69-F924-454B-9059-7A2EC2DA3F1B}"
EndProject
Project("{FAE04EC0-301F-11D3-BF4B-00C04F79EFBC}") = "01-BinomialCoefficients", "01-BinomialCoefficients\01-BinomialCoefficients.csproj", "{7DB5A9D7-4750-4C85-B17C-ED6C8F50B9F0}"
EndProject
Project("{FAE04EC0-301F-11D3-BF4B-00C04F79EFBC}") = "02-LongestZigzagSubsequence", "02-LongestZigzagSubsequence\02-LongestZigzagSubsequence.csproj", "{5107AB7D-3A6F-4BB0-8586-8433CD0351C9}"
EndProject
Project("{FAE04EC0-301F-11D3-BF4B-00C04F79EFBC}") = "02-LongestZigzagSubsequence.Tests", "02-LongestZigzagSubsequence.Tests\02-LongestZigzagSubsequence.Tests.csproj", "{815C7C84-6A1E-43F7-B99E-5914CF200608}"
EndProject
Project("{FAE04EC0-301F-11D3-BF4B-00C04F79EFBC}") = "05-SumWithLimitedAmountOfCoins", "05-SumWithLimitedAmountOfCoins\05-SumWithLimitedAmountOfCoins.csproj", "{32165EE7-8A34-4841-B553-D7EA9CFE111F}"
EndProject
Project("{FAE04EC0-301F-11D3-BF4B-00C04F79EFBC}") = "03-DividingPresents", "03-DividingPresents\03-DividingPresents.csproj", "{EC597AD6-7280-44C3-840F-204C6EA1258B}"
EndProject
Project("{FAE04EC0-301F-11D3-BF4B-00C04F79EFBC}") = "04-SumwithUnlimitedAmountOfCoins", "04-SumwithUnlimitedAmountOfCoins\04-SumwithUnlimitedAmountOfCoins.csproj", "{47C212F1-CEC5-4D07-A9D2-C1D041FFB1CC}"
EndProject
Project("{2150E333-8FDC-42A3-9474-1A3956D46DE8}") = "Lab", "Lab", "{850B1659-815B-42A4-B588-D1170610F279}"
EndProject
Project("{2150E333-8FDC-42A3-9474-1A3956D46DE8}") = "Homework", "Homework", "{321F96A5-A20D-4325-B05F-AB8115F7B915}"
EndProject
Project("{2150E333-8FDC-42A3-9474-1A3956D46DE8}") = "OtherProblems", "OtherProblems", "{54D73239-1429-46BE-83BE-7764380D5043}"
EndProject
Project("{FAE04EC0-301F-11D3-BF4B-00C04F79EFBC}") = "04-SumwithUnlimitedAmountOfCoins.Tests", "04-SumwithUnlimitedAmountOfCoins.Tests\04-SumwithUnlimitedAmountOfCoins.Tests.csproj", "{B703FE1D-27DC-433C-B393-05C03CEB8F9A}"
EndProject
Project("{2150E333-8FDC-42A3-9474-1A3956D46DE8}") = "Tests", "Tests", "{78F38E35-4A71-49B4-A677-F994D9D94A58}"
EndProject
Project("{FAE04EC0-301F-11D3-BF4B-00C04F79EFBC}") = "Test", "Test\Test.csproj", "{54A8E0F8-DC39-40C0-B387-2FA878DE3977}"
EndProject
Project("{FAE04EC0-301F-11D3-BF4B-00C04F79EFBC}") = "Fibonacci", "FibonacciWithoutDP\Fibonacci.csproj", "{AA6820C7-E40F-4A21-AE81-06D5B69FC47F}"
EndProject
Project("{FAE04EC0-301F-11D3-BF4B-00C04F79EFBC}") = "Knapsack", "Knapsack\Knapsack.csproj", "{112A4813-0EDA-45EB-8E41-CC2F8D8A75BC}"
EndProject
Project("{FAE04EC0-301F-11D3-BF4B-00C04F79EFBC}") = "SubsetSum", "SubsetSum\SubsetSum.csproj", "{E1C07603-1E13-4D2E-93A0-26AF4CAEC04D}"
EndProject
Project("{FAE04EC0-301F-11D3-BF4B-00C04F79EFBC}") = "05-SumWithLimitedAmountOfCoins.Tests", "05-SumWithLimitedAmountOfCoins.Tests\05-SumWithLimitedAmountOfCoins.Tests.csproj", "{1A9FFD0E-E0AC-4E60-B30D-96C2A6B4743B}"
EndProject
Project("{FAE04EC0-301F-11D3-BF4B-00C04F79EFBC}") = "05-LimitedAmountOfCoinsSumIterative", "05-LimitedAmountOfCoinsSumIterative\05-LimitedAmountOfCoinsSumIterative.csproj", "{0E802EB5-A82A-43E1-B564-5157E50AF9A6}"
EndProject
Global
	GlobalSection(SolutionConfigurationPlatforms) = preSolution
		Debug|Any CPU = Debug|Any CPU
		Release|Any CPU = Release|Any CPU
	EndGlobalSection
	GlobalSection(ProjectConfigurationPlatforms) = postSolution
		{EE0BD42B-6D77-4E34-892A-B80B43BB72CC}.Debug|Any CPU.ActiveCfg = Debug|Any CPU
		{EE0BD42B-6D77-4E34-892A-B80B43BB72CC}.Debug|Any CPU.Build.0 = Debug|Any CPU
		{EE0BD42B-6D77-4E34-892A-B80B43BB72CC}.Release|Any CPU.ActiveCfg = Release|Any CPU
		{EE0BD42B-6D77-4E34-892A-B80B43BB72CC}.Release|Any CPU.Build.0 = Release|Any CPU
		{33FF00FF-A339-4F3A-8A1B-B3F8CA6A3739}.Debug|Any CPU.ActiveCfg = Debug|Any CPU
		{33FF00FF-A339-4F3A-8A1B-B3F8CA6A3739}.Debug|Any CPU.Build.0 = Debug|Any CPU
		{33FF00FF-A339-4F3A-8A1B-B3F8CA6A3739}.Release|Any CPU.ActiveCfg = Release|Any CPU
		{33FF00FF-A339-4F3A-8A1B-B3F8CA6A3739}.Release|Any CPU.Build.0 = Release|Any CPU
		{C160A372-6DE1-48EB-9B70-11F7DA632F6B}.Debug|Any CPU.ActiveCfg = Debug|Any CPU
		{C160A372-6DE1-48EB-9B70-11F7DA632F6B}.Debug|Any CPU.Build.0 = Debug|Any CPU
		{C160A372-6DE1-48EB-9B70-11F7DA632F6B}.Release|Any CPU.ActiveCfg = Release|Any CPU
		{C160A372-6DE1-48EB-9B70-11F7DA632F6B}.Release|Any CPU.Build.0 = Release|Any CPU
		{16C2F56E-4BE4-472D-B687-4B15C98FCC06}.Debug|Any CPU.ActiveCfg = Debug|Any CPU
		{16C2F56E-4BE4-472D-B687-4B15C98FCC06}.Debug|Any CPU.Build.0 = Debug|Any CPU
		{16C2F56E-4BE4-472D-B687-4B15C98FCC06}.Release|Any CPU.ActiveCfg = Release|Any CPU
		{16C2F56E-4BE4-472D-B687-4B15C98FCC06}.Release|Any CPU.Build.0 = Release|Any CPU
		{AEE2731C-70DE-40C4-B7F4-12DB1875D1FA}.Debug|Any CPU.ActiveCfg = Debug|Any CPU
		{AEE2731C-70DE-40C4-B7F4-12DB1875D1FA}.Debug|Any CPU.Build.0 = Debug|Any CPU
		{AEE2731C-70DE-40C4-B7F4-12DB1875D1FA}.Release|Any CPU.ActiveCfg = Release|Any CPU
		{AEE2731C-70DE-40C4-B7F4-12DB1875D1FA}.Release|Any CPU.Build.0 = Release|Any CPU
		{0AF05A69-F924-454B-9059-7A2EC2DA3F1B}.Debug|Any CPU.ActiveCfg = Debug|Any CPU
		{0AF05A69-F924-454B-9059-7A2EC2DA3F1B}.Debug|Any CPU.Build.0 = Debug|Any CPU
		{0AF05A69-F924-454B-9059-7A2EC2DA3F1B}.Release|Any CPU.ActiveCfg = Release|Any CPU
		{0AF05A69-F924-454B-9059-7A2EC2DA3F1B}.Release|Any CPU.Build.0 = Release|Any CPU
		{7DB5A9D7-4750-4C85-B17C-ED6C8F50B9F0}.Debug|Any CPU.ActiveCfg = Debug|Any CPU
		{7DB5A9D7-4750-4C85-B17C-ED6C8F50B9F0}.Debug|Any CPU.Build.0 = Debug|Any CPU
		{7DB5A9D7-4750-4C85-B17C-ED6C8F50B9F0}.Release|Any CPU.ActiveCfg = Release|Any CPU
		{7DB5A9D7-4750-4C85-B17C-ED6C8F50B9F0}.Release|Any CPU.Build.0 = Release|Any CPU
		{5107AB7D-3A6F-4BB0-8586-8433CD0351C9}.Debug|Any CPU.ActiveCfg = Debug|Any CPU
		{5107AB7D-3A6F-4BB0-8586-8433CD0351C9}.Debug|Any CPU.Build.0 = Debug|Any CPU
		{5107AB7D-3A6F-4BB0-8586-8433CD0351C9}.Release|Any CPU.ActiveCfg = Release|Any CPU
		{5107AB7D-3A6F-4BB0-8586-8433CD0351C9}.Release|Any CPU.Build.0 = Release|Any CPU
		{815C7C84-6A1E-43F7-B99E-5914CF200608}.Debug|Any CPU.ActiveCfg = Debug|Any CPU
		{815C7C84-6A1E-43F7-B99E-5914CF200608}.Debug|Any CPU.Build.0 = Debug|Any CPU
		{815C7C84-6A1E-43F7-B99E-5914CF200608}.Release|Any CPU.ActiveCfg = Release|Any CPU
		{815C7C84-6A1E-43F7-B99E-5914CF200608}.Release|Any CPU.Build.0 = Release|Any CPU
		{32165EE7-8A34-4841-B553-D7EA9CFE111F}.Debug|Any CPU.ActiveCfg = Debug|Any CPU
		{32165EE7-8A34-4841-B553-D7EA9CFE111F}.Debug|Any CPU.Build.0 = Debug|Any CPU
		{32165EE7-8A34-4841-B553-D7EA9CFE111F}.Release|Any CPU.ActiveCfg = Release|Any CPU
		{32165EE7-8A34-4841-B553-D7EA9CFE111F}.Release|Any CPU.Build.0 = Release|Any CPU
		{EC597AD6-7280-44C3-840F-204C6EA1258B}.Debug|Any CPU.ActiveCfg = Debug|Any CPU
		{EC597AD6-7280-44C3-840F-204C6EA1258B}.Debug|Any CPU.Build.0 = Debug|Any CPU
		{EC597AD6-7280-44C3-840F-204C6EA1258B}.Release|Any CPU.ActiveCfg = Release|Any CPU
		{EC597AD6-7280-44C3-840F-204C6EA1258B}.Release|Any CPU.Build.0 = Release|Any CPU
		{47C212F1-CEC5-4D07-A9D2-C1D041FFB1CC}.Debug|Any CPU.ActiveCfg = Debug|Any CPU
		{47C212F1-CEC5-4D07-A9D2-C1D041FFB1CC}.Debug|Any CPU.Build.0 = Debug|Any CPU
		{47C212F1-CEC5-4D07-A9D2-C1D041FFB1CC}.Release|Any CPU.ActiveCfg = Release|Any CPU
		{47C212F1-CEC5-4D07-A9D2-C1D041FFB1CC}.Release|Any CPU.Build.0 = Release|Any CPU
		{B703FE1D-27DC-433C-B393-05C03CEB8F9A}.Debug|Any CPU.ActiveCfg = Debug|Any CPU
		{B703FE1D-27DC-433C-B393-05C03CEB8F9A}.Debug|Any CPU.Build.0 = Debug|Any CPU
		{B703FE1D-27DC-433C-B393-05C03CEB8F9A}.Release|Any CPU.ActiveCfg = Release|Any CPU
		{B703FE1D-27DC-433C-B393-05C03CEB8F9A}.Release|Any CPU.Build.0 = Release|Any CPU
		{54A8E0F8-DC39-40C0-B387-2FA878DE3977}.Debug|Any CPU.ActiveCfg = Debug|Any CPU
		{54A8E0F8-DC39-40C0-B387-2FA878DE3977}.Debug|Any CPU.Build.0 = Debug|Any CPU
		{54A8E0F8-DC39-40C0-B387-2FA878DE3977}.Release|Any CPU.ActiveCfg = Release|Any CPU
		{54A8E0F8-DC39-40C0-B387-2FA878DE3977}.Release|Any CPU.Build.0 = Release|Any CPU
		{AA6820C7-E40F-4A21-AE81-06D5B69FC47F}.Debug|Any CPU.ActiveCfg = Debug|Any CPU
		{AA6820C7-E40F-4A21-AE81-06D5B69FC47F}.Debug|Any CPU.Build.0 = Debug|Any CPU
		{AA6820C7-E40F-4A21-AE81-06D5B69FC47F}.Release|Any CPU.ActiveCfg = Release|Any CPU
		{AA6820C7-E40F-4A21-AE81-06D5B69FC47F}.Release|Any CPU.Build.0 = Release|Any CPU
		{112A4813-0EDA-45EB-8E41-CC2F8D8A75BC}.Debug|Any CPU.ActiveCfg = Debug|Any CPU
		{112A4813-0EDA-45EB-8E41-CC2F8D8A75BC}.Debug|Any CPU.Build.0 = Debug|Any CPU
		{112A4813-0EDA-45EB-8E41-CC2F8D8A75BC}.Release|Any CPU.ActiveCfg = Release|Any CPU
		{112A4813-0EDA-45EB-8E41-CC2F8D8A75BC}.Release|Any CPU.Build.0 = Release|Any CPU
		{E1C07603-1E13-4D2E-93A0-26AF4CAEC04D}.Debug|Any CPU.ActiveCfg = Debug|Any CPU
		{E1C07603-1E13-4D2E-93A0-26AF4CAEC04D}.Debug|Any CPU.Build.0 = Debug|Any CPU
		{E1C07603-1E13-4D2E-93A0-26AF4CAEC04D}.Release|Any CPU.ActiveCfg = Release|Any CPU
		{E1C07603-1E13-4D2E-93A0-26AF4CAEC04D}.Release|Any CPU.Build.0 = Release|Any CPU
		{1A9FFD0E-E0AC-4E60-B30D-96C2A6B4743B}.Debug|Any CPU.ActiveCfg = Debug|Any CPU
		{1A9FFD0E-E0AC-4E60-B30D-96C2A6B4743B}.Debug|Any CPU.Build.0 = Debug|Any CPU
		{1A9FFD0E-E0AC-4E60-B30D-96C2A6B4743B}.Release|Any CPU.ActiveCfg = Release|Any CPU
		{1A9FFD0E-E0AC-4E60-B30D-96C2A6B4743B}.Release|Any CPU.Build.0 = Release|Any CPU
		{0E802EB5-A82A-43E1-B564-5157E50AF9A6}.Debug|Any CPU.ActiveCfg = Debug|Any CPU
		{0E802EB5-A82A-43E1-B564-5157E50AF9A6}.Debug|Any CPU.Build.0 = Debug|Any CPU
		{0E802EB5-A82A-43E1-B564-5157E50AF9A6}.Release|Any CPU.ActiveCfg = Release|Any CPU
		{0E802EB5-A82A-43E1-B564-5157E50AF9A6}.Release|Any CPU.Build.0 = Release|Any CPU
	EndGlobalSection
	GlobalSection(SolutionProperties) = preSolution
		HideSolutionNode = FALSE
	EndGlobalSection
	GlobalSection(NestedProjects) = preSolution
		{EE0BD42B-6D77-4E34-892A-B80B43BB72CC} = {850B1659-815B-42A4-B588-D1170610F279}
		{33FF00FF-A339-4F3A-8A1B-B3F8CA6A3739} = {78F38E35-4A71-49B4-A677-F994D9D94A58}
		{C160A372-6DE1-48EB-9B70-11F7DA632F6B} = {78F38E35-4A71-49B4-A677-F994D9D94A58}
		{16C2F56E-4BE4-472D-B687-4B15C98FCC06} = {850B1659-815B-42A4-B588-D1170610F279}
		{AEE2731C-70DE-40C4-B7F4-12DB1875D1FA} = {850B1659-815B-42A4-B588-D1170610F279}
		{0AF05A69-F924-454B-9059-7A2EC2DA3F1B} = {78F38E35-4A71-49B4-A677-F994D9D94A58}
		{7DB5A9D7-4750-4C85-B17C-ED6C8F50B9F0} = {321F96A5-A20D-4325-B05F-AB8115F7B915}
		{5107AB7D-3A6F-4BB0-8586-8433CD0351C9} = {321F96A5-A20D-4325-B05F-AB8115F7B915}
		{815C7C84-6A1E-43F7-B99E-5914CF200608} = {78F38E35-4A71-49B4-A677-F994D9D94A58}
		{32165EE7-8A34-4841-B553-D7EA9CFE111F} = {321F96A5-A20D-4325-B05F-AB8115F7B915}
		{EC597AD6-7280-44C3-840F-204C6EA1258B} = {321F96A5-A20D-4325-B05F-AB8115F7B915}
		{47C212F1-CEC5-4D07-A9D2-C1D041FFB1CC} = {321F96A5-A20D-4325-B05F-AB8115F7B915}
		{B703FE1D-27DC-433C-B393-05C03CEB8F9A} = {78F38E35-4A71-49B4-A677-F994D9D94A58}
		{54A8E0F8-DC39-40C0-B387-2FA878DE3977} = {54D73239-1429-46BE-83BE-7764380D5043}
		{AA6820C7-E40F-4A21-AE81-06D5B69FC47F} = {54D73239-1429-46BE-83BE-7764380D5043}
		{112A4813-0EDA-45EB-8E41-CC2F8D8A75BC} = {54D73239-1429-46BE-83BE-7764380D5043}
		{E1C07603-1E13-4D2E-93A0-26AF4CAEC04D} = {54D73239-1429-46BE-83BE-7764380D5043}
		{1A9FFD0E-E0AC-4E60-B30D-96C2A6B4743B} = {78F38E35-4A71-49B4-A677-F994D9D94A58}
		{0E802EB5-A82A-43E1-B564-5157E50AF9A6} = {321F96A5-A20D-4325-B05F-AB8115F7B915}
	EndGlobalSection
EndGlobal
